
Microsoft Visual Studio Solution File, Format Version 12.00
# Visual Studio 15
VisualStudioVersion = 15.0.27130.2026
MinimumVisualStudioVersion = 10.0.40219.1
Project("{FAE04EC0-301F-11D3-BF4B-00C04F79EFBC}") = "IC6.Xwitter.Android", "IC6.Xwitter.Android\IC6.Xwitter.Android.csproj", "{2D9DC811-2FE9-4AC2-8129-FCC75D0A35E1}"
EndProject
Project("{FAE04EC0-301F-11D3-BF4B-00C04F79EFBC}") = "IC6.Xwitter.iOS", "IC6.Xwitter.iOS\IC6.Xwitter.iOS.csproj", "{2A9BCF16-883B-4C84-B66E-83DD658407E6}"
EndProject
Project("{FAE04EC0-301F-11D3-BF4B-00C04F79EFBC}") = "IC6.Xwitter.UWP", "IC6.Xwitter.UWP\IC6.Xwitter.UWP.csproj", "{6CC97888-5A0A-42FC-9FD0-43395AB2B4FF}"
EndProject
Project("{FAE04EC0-301F-11D3-BF4B-00C04F79EFBC}") = "IC6.Xwitter", "IC6.Xwitter\IC6.Xwitter.csproj", "{683F4E53-2704-4321-A8B1-F05F3050C1A7}"
EndProject
Global
	GlobalSection(SolutionConfigurationPlatforms) = preSolution
		Ad-Hoc|Any CPU = Ad-Hoc|Any CPU
		Ad-Hoc|ARM = Ad-Hoc|ARM
		Ad-Hoc|iPhone = Ad-Hoc|iPhone
		Ad-Hoc|iPhoneSimulator = Ad-Hoc|iPhoneSimulator
		Ad-Hoc|x64 = Ad-Hoc|x64
		Ad-Hoc|x86 = Ad-Hoc|x86
		AppStore|Any CPU = AppStore|Any CPU
		AppStore|ARM = AppStore|ARM
		AppStore|iPhone = AppStore|iPhone
		AppStore|iPhoneSimulator = AppStore|iPhoneSimulator
		AppStore|x64 = AppStore|x64
		AppStore|x86 = AppStore|x86
		Debug|Any CPU = Debug|Any CPU
		Debug|ARM = Debug|ARM
		Debug|iPhone = Debug|iPhone
		Debug|iPhoneSimulator = Debug|iPhoneSimulator
		Debug|x64 = Debug|x64
		Debug|x86 = Debug|x86
		Release|Any CPU = Release|Any CPU
		Release|ARM = Release|ARM
		Release|iPhone = Release|iPhone
		Release|iPhoneSimulator = Release|iPhoneSimulator
		Release|x64 = Release|x64
		Release|x86 = Release|x86
	EndGlobalSection
	GlobalSection(ProjectConfigurationPlatforms) = postSolution
		{2D9DC811-2FE9-4AC2-8129-FCC75D0A35E1}.Ad-Hoc|Any CPU.ActiveCfg = Release|Any CPU
		{2D9DC811-2FE9-4AC2-8129-FCC75D0A35E1}.Ad-Hoc|Any CPU.Build.0 = Release|Any CPU
		{2D9DC811-2FE9-4AC2-8129-FCC75D0A35E1}.Ad-Hoc|Any CPU.Deploy.0 = Release|Any CPU
		{2D9DC811-2FE9-4AC2-8129-FCC75D0A35E1}.Ad-Hoc|ARM.ActiveCfg = Release|Any CPU
		{2D9DC811-2FE9-4AC2-8129-FCC75D0A35E1}.Ad-Hoc|ARM.Build.0 = Release|Any CPU
		{2D9DC811-2FE9-4AC2-8129-FCC75D0A35E1}.Ad-Hoc|ARM.Deploy.0 = Release|Any CPU
		{2D9DC811-2FE9-4AC2-8129-FCC75D0A35E1}.Ad-Hoc|iPhone.ActiveCfg = Release|Any CPU
		{2D9DC811-2FE9-4AC2-8129-FCC75D0A35E1}.Ad-Hoc|iPhone.Build.0 = Release|Any CPU
		{2D9DC811-2FE9-4AC2-8129-FCC75D0A35E1}.Ad-Hoc|iPhone.Deploy.0 = Release|Any CPU
		{2D9DC811-2FE9-4AC2-8129-FCC75D0A35E1}.Ad-Hoc|iPhoneSimulator.ActiveCfg = Release|Any CPU
		{2D9DC811-2FE9-4AC2-8129-FCC75D0A35E1}.Ad-Hoc|iPhoneSimulator.Build.0 = Release|Any CPU
		{2D9DC811-2FE9-4AC2-8129-FCC75D0A35E1}.Ad-Hoc|iPhoneSimulator.Deploy.0 = Release|Any CPU
		{2D9DC811-2FE9-4AC2-8129-FCC75D0A35E1}.Ad-Hoc|x64.ActiveCfg = Release|Any CPU
		{2D9DC811-2FE9-4AC2-8129-FCC75D0A35E1}.Ad-Hoc|x64.Build.0 = Release|Any CPU
		{2D9DC811-2FE9-4AC2-8129-FCC75D0A35E1}.Ad-Hoc|x64.Deploy.0 = Release|Any CPU
		{2D9DC811-2FE9-4AC2-8129-FCC75D0A35E1}.Ad-Hoc|x86.ActiveCfg = Release|Any CPU
		{2D9DC811-2FE9-4AC2-8129-FCC75D0A35E1}.Ad-Hoc|x86.Build.0 = Release|Any CPU
		{2D9DC811-2FE9-4AC2-8129-FCC75D0A35E1}.Ad-Hoc|x86.Deploy.0 = Release|Any CPU
		{2D9DC811-2FE9-4AC2-8129-FCC75D0A35E1}.AppStore|Any CPU.ActiveCfg = Release|Any CPU
		{2D9DC811-2FE9-4AC2-8129-FCC75D0A35E1}.AppStore|Any CPU.Build.0 = Release|Any CPU
		{2D9DC811-2FE9-4AC2-8129-FCC75D0A35E1}.AppStore|Any CPU.Deploy.0 = Release|Any CPU
		{2D9DC811-2FE9-4AC2-8129-FCC75D0A35E1}.AppStore|ARM.ActiveCfg = Release|Any CPU
		{2D9DC811-2FE9-4AC2-8129-FCC75D0A35E1}.AppStore|ARM.Build.0 = Release|Any CPU
		{2D9DC811-2FE9-4AC2-8129-FCC75D0A35E1}.AppStore|ARM.Deploy.0 = Release|Any CPU
		{2D9DC811-2FE9-4AC2-8129-FCC75D0A35E1}.AppStore|iPhone.ActiveCfg = Release|Any CPU
		{2D9DC811-2FE9-4AC2-8129-FCC75D0A35E1}.AppStore|iPhone.Build.0 = Release|Any CPU
		{2D9DC811-2FE9-4AC2-8129-FCC75D0A35E1}.AppStore|iPhone.Deploy.0 = Release|Any CPU
		{2D9DC811-2FE9-4AC2-8129-FCC75D0A35E1}.AppStore|iPhoneSimulator.ActiveCfg = Release|Any CPU
		{2D9DC811-2FE9-4AC2-8129-FCC75D0A35E1}.AppStore|iPhoneSimulator.Build.0 = Release|Any CPU
		{2D9DC811-2FE9-4AC2-8129-FCC75D0A35E1}.AppStore|iPhoneSimulator.Deploy.0 = Release|Any CPU
		{2D9DC811-2FE9-4AC2-8129-FCC75D0A35E1}.AppStore|x64.ActiveCfg = Release|Any CPU
		{2D9DC811-2FE9-4AC2-8129-FCC75D0A35E1}.AppStore|x64.Build.0 = Release|Any CPU
		{2D9DC811-2FE9-4AC2-8129-FCC75D0A35E1}.AppStore|x64.Deploy.0 = Release|Any CPU
		{2D9DC811-2FE9-4AC2-8129-FCC75D0A35E1}.AppStore|x86.ActiveCfg = Release|Any CPU
		{2D9DC811-2FE9-4AC2-8129-FCC75D0A35E1}.AppStore|x86.Build.0 = Release|Any CPU
		{2D9DC811-2FE9-4AC2-8129-FCC75D0A35E1}.AppStore|x86.Deploy.0 = Release|Any CPU
		{2D9DC811-2FE9-4AC2-8129-FCC75D0A35E1}.Debug|Any CPU.ActiveCfg = Debug|Any CPU
		{2D9DC811-2FE9-4AC2-8129-FCC75D0A35E1}.Debug|Any CPU.Build.0 = Debug|Any CPU
		{2D9DC811-2FE9-4AC2-8129-FCC75D0A35E1}.Debug|Any CPU.Deploy.0 = Debug|Any CPU
		{2D9DC811-2FE9-4AC2-8129-FCC75D0A35E1}.Debug|ARM.ActiveCfg = Debug|Any CPU
		{2D9DC811-2FE9-4AC2-8129-FCC75D0A35E1}.Debug|ARM.Build.0 = Debug|Any CPU
		{2D9DC811-2FE9-4AC2-8129-FCC75D0A35E1}.Debug|ARM.Deploy.0 = Debug|Any CPU
		{2D9DC811-2FE9-4AC2-8129-FCC75D0A35E1}.Debug|iPhone.ActiveCfg = Debug|Any CPU
		{2D9DC811-2FE9-4AC2-8129-FCC75D0A35E1}.Debug|iPhone.Build.0 = Debug|Any CPU
		{2D9DC811-2FE9-4AC2-8129-FCC75D0A35E1}.Debug|iPhone.Deploy.0 = Debug|Any CPU
		{2D9DC811-2FE9-4AC2-8129-FCC75D0A35E1}.Debug|iPhoneSimulator.ActiveCfg = Debug|Any CPU
		{2D9DC811-2FE9-4AC2-8129-FCC75D0A35E1}.Debug|iPhoneSimulator.Build.0 = Debug|Any CPU
		{2D9DC811-2FE9-4AC2-8129-FCC75D0A35E1}.Debug|iPhoneSimulator.Deploy.0 = Debug|Any CPU
		{2D9DC811-2FE9-4AC2-8129-FCC75D0A35E1}.Debug|x64.ActiveCfg = Debug|Any CPU
		{2D9DC811-2FE9-4AC2-8129-FCC75D0A35E1}.Debug|x64.Build.0 = Debug|Any CPU
		{2D9DC811-2FE9-4AC2-8129-FCC75D0A35E1}.Debug|x64.Deploy.0 = Debug|Any CPU
		{2D9DC811-2FE9-4AC2-8129-FCC75D0A35E1}.Debug|x86.ActiveCfg = Debug|Any CPU
		{2D9DC811-2FE9-4AC2-8129-FCC75D0A35E1}.Debug|x86.Build.0 = Debug|Any CPU
		{2D9DC811-2FE9-4AC2-8129-FCC75D0A35E1}.Debug|x86.Deploy.0 = Debug|Any CPU
		{2D9DC811-2FE9-4AC2-8129-FCC75D0A35E1}.Release|Any CPU.ActiveCfg = Release|Any CPU
		{2D9DC811-2FE9-4AC2-8129-FCC75D0A35E1}.Release|Any CPU.Build.0 = Release|Any CPU
		{2D9DC811-2FE9-4AC2-8129-FCC75D0A35E1}.Release|Any CPU.Deploy.0 = Release|Any CPU
		{2D9DC811-2FE9-4AC2-8129-FCC75D0A35E1}.Release|ARM.ActiveCfg = Release|Any CPU
		{2D9DC811-2FE9-4AC2-8129-FCC75D0A35E1}.Release|ARM.Build.0 = Release|Any CPU
		{2D9DC811-2FE9-4AC2-8129-FCC75D0A35E1}.Release|ARM.Deploy.0 = Release|Any CPU
		{2D9DC811-2FE9-4AC2-8129-FCC75D0A35E1}.Release|iPhone.ActiveCfg = Release|Any CPU
		{2D9DC811-2FE9-4AC2-8129-FCC75D0A35E1}.Release|iPhone.Build.0 = Release|Any CPU
		{2D9DC811-2FE9-4AC2-8129-FCC75D0A35E1}.Release|iPhone.Deploy.0 = Release|Any CPU
		{2D9DC811-2FE9-4AC2-8129-FCC75D0A35E1}.Release|iPhoneSimulator.ActiveCfg = Release|Any CPU
		{2D9DC811-2FE9-4AC2-8129-FCC75D0A35E1}.Release|iPhoneSimulator.Build.0 = Release|Any CPU
		{2D9DC811-2FE9-4AC2-8129-FCC75D0A35E1}.Release|iPhoneSimulator.Deploy.0 = Release|Any CPU
		{2D9DC811-2FE9-4AC2-8129-FCC75D0A35E1}.Release|x64.ActiveCfg = Release|Any CPU
		{2D9DC811-2FE9-4AC2-8129-FCC75D0A35E1}.Release|x64.Build.0 = Release|Any CPU
		{2D9DC811-2FE9-4AC2-8129-FCC75D0A35E1}.Release|x64.Deploy.0 = Release|Any CPU
		{2D9DC811-2FE9-4AC2-8129-FCC75D0A35E1}.Release|x86.ActiveCfg = Release|Any CPU
		{2D9DC811-2FE9-4AC2-8129-FCC75D0A35E1}.Release|x86.Build.0 = Release|Any CPU
		{2D9DC811-2FE9-4AC2-8129-FCC75D0A35E1}.Release|x86.Deploy.0 = Release|Any CPU
		{2A9BCF16-883B-4C84-B66E-83DD658407E6}.Ad-Hoc|Any CPU.ActiveCfg = Ad-Hoc|iPhone
		{2A9BCF16-883B-4C84-B66E-83DD658407E6}.Ad-Hoc|ARM.ActiveCfg = Ad-Hoc|iPhone
		{2A9BCF16-883B-4C84-B66E-83DD658407E6}.Ad-Hoc|iPhone.ActiveCfg = Ad-Hoc|iPhone
		{2A9BCF16-883B-4C84-B66E-83DD658407E6}.Ad-Hoc|iPhone.Build.0 = Ad-Hoc|iPhone
		{2A9BCF16-883B-4C84-B66E-83DD658407E6}.Ad-Hoc|iPhoneSimulator.ActiveCfg = Ad-Hoc|iPhoneSimulator
		{2A9BCF16-883B-4C84-B66E-83DD658407E6}.Ad-Hoc|iPhoneSimulator.Build.0 = Ad-Hoc|iPhoneSimulator
		{2A9BCF16-883B-4C84-B66E-83DD658407E6}.Ad-Hoc|x64.ActiveCfg = Ad-Hoc|iPhone
		{2A9BCF16-883B-4C84-B66E-83DD658407E6}.Ad-Hoc|x86.ActiveCfg = Ad-Hoc|iPhone
		{2A9BCF16-883B-4C84-B66E-83DD658407E6}.AppStore|Any CPU.ActiveCfg = AppStore|iPhone
		{2A9BCF16-883B-4C84-B66E-83DD658407E6}.AppStore|ARM.ActiveCfg = AppStore|iPhone
		{2A9BCF16-883B-4C84-B66E-83DD658407E6}.AppStore|iPhone.ActiveCfg = AppStore|iPhone
		{2A9BCF16-883B-4C84-B66E-83DD658407E6}.AppStore|iPhone.Build.0 = AppStore|iPhone
		{2A9BCF16-883B-4C84-B66E-83DD658407E6}.AppStore|iPhoneSimulator.ActiveCfg = AppStore|iPhoneSimulator
		{2A9BCF16-883B-4C84-B66E-83DD658407E6}.AppStore|iPhoneSimulator.Build.0 = AppStore|iPhoneSimulator
		{2A9BCF16-883B-4C84-B66E-83DD658407E6}.AppStore|x64.ActiveCfg = AppStore|iPhone
		{2A9BCF16-883B-4C84-B66E-83DD658407E6}.AppStore|x86.ActiveCfg = AppStore|iPhone
		{2A9BCF16-883B-4C84-B66E-83DD658407E6}.Debug|Any CPU.ActiveCfg = Debug|iPhone
		{2A9BCF16-883B-4C84-B66E-83DD658407E6}.Debug|ARM.ActiveCfg = Debug|iPhone
		{2A9BCF16-883B-4C84-B66E-83DD658407E6}.Debug|iPhone.ActiveCfg = Debug|iPhone
		{2A9BCF16-883B-4C84-B66E-83DD658407E6}.Debug|iPhone.Build.0 = Debug|iPhone
		{2A9BCF16-883B-4C84-B66E-83DD658407E6}.Debug|iPhoneSimulator.ActiveCfg = Debug|iPhoneSimulator
		{2A9BCF16-883B-4C84-B66E-83DD658407E6}.Debug|iPhoneSimulator.Build.0 = Debug|iPhoneSimulator
		{2A9BCF16-883B-4C84-B66E-83DD658407E6}.Debug|x64.ActiveCfg = Debug|iPhone
		{2A9BCF16-883B-4C84-B66E-83DD658407E6}.Debug|x86.ActiveCfg = Debug|iPhone
		{2A9BCF16-883B-4C84-B66E-83DD658407E6}.Release|Any CPU.ActiveCfg = Release|iPhone
		{2A9BCF16-883B-4C84-B66E-83DD658407E6}.Release|ARM.ActiveCfg = Release|iPhone
		{2A9BCF16-883B-4C84-B66E-83DD658407E6}.Release|iPhone.ActiveCfg = Release|iPhone
		{2A9BCF16-883B-4C84-B66E-83DD658407E6}.Release|iPhone.Build.0 = Release|iPhone
		{2A9BCF16-883B-4C84-B66E-83DD658407E6}.Release|iPhoneSimulator.ActiveCfg = Release|iPhoneSimulator
		{2A9BCF16-883B-4C84-B66E-83DD658407E6}.Release|iPhoneSimulator.Build.0 = Release|iPhoneSimulator
		{2A9BCF16-883B-4C84-B66E-83DD658407E6}.Release|x64.ActiveCfg = Release|iPhone
		{2A9BCF16-883B-4C84-B66E-83DD658407E6}.Release|x86.ActiveCfg = Release|iPhone
		{6CC97888-5A0A-42FC-9FD0-43395AB2B4FF}.Ad-Hoc|Any CPU.ActiveCfg = Release|x86
		{6CC97888-5A0A-42FC-9FD0-43395AB2B4FF}.Ad-Hoc|Any CPU.Build.0 = Release|x86
		{6CC97888-5A0A-42FC-9FD0-43395AB2B4FF}.Ad-Hoc|Any CPU.Deploy.0 = Release|x86
		{6CC97888-5A0A-42FC-9FD0-43395AB2B4FF}.Ad-Hoc|ARM.ActiveCfg = Release|ARM
		{6CC97888-5A0A-42FC-9FD0-43395AB2B4FF}.Ad-Hoc|ARM.Build.0 = Release|ARM
		{6CC97888-5A0A-42FC-9FD0-43395AB2B4FF}.Ad-Hoc|ARM.Deploy.0 = Release|ARM
		{6CC97888-5A0A-42FC-9FD0-43395AB2B4FF}.Ad-Hoc|iPhone.ActiveCfg = Release|x86
		{6CC97888-5A0A-42FC-9FD0-43395AB2B4FF}.Ad-Hoc|iPhone.Build.0 = Release|x86
		{6CC97888-5A0A-42FC-9FD0-43395AB2B4FF}.Ad-Hoc|iPhone.Deploy.0 = Release|x86
		{6CC97888-5A0A-42FC-9FD0-43395AB2B4FF}.Ad-Hoc|iPhoneSimulator.ActiveCfg = Release|x86
		{6CC97888-5A0A-42FC-9FD0-43395AB2B4FF}.Ad-Hoc|iPhoneSimulator.Build.0 = Release|x86
		{6CC97888-5A0A-42FC-9FD0-43395AB2B4FF}.Ad-Hoc|iPhoneSimulator.Deploy.0 = Release|x86
		{6CC97888-5A0A-42FC-9FD0-43395AB2B4FF}.Ad-Hoc|x64.ActiveCfg = Release|x64
		{6CC97888-5A0A-42FC-9FD0-43395AB2B4FF}.Ad-Hoc|x64.Build.0 = Release|x64
		{6CC97888-5A0A-42FC-9FD0-43395AB2B4FF}.Ad-Hoc|x64.Deploy.0 = Release|x64
		{6CC97888-5A0A-42FC-9FD0-43395AB2B4FF}.Ad-Hoc|x86.ActiveCfg = Release|x86
		{6CC97888-5A0A-42FC-9FD0-43395AB2B4FF}.Ad-Hoc|x86.Build.0 = Release|x86
		{6CC97888-5A0A-42FC-9FD0-43395AB2B4FF}.Ad-Hoc|x86.Deploy.0 = Release|x86
		{6CC97888-5A0A-42FC-9FD0-43395AB2B4FF}.AppStore|Any CPU.ActiveCfg = Release|x86
		{6CC97888-5A0A-42FC-9FD0-43395AB2B4FF}.AppStore|Any CPU.Build.0 = Release|x86
		{6CC97888-5A0A-42FC-9FD0-43395AB2B4FF}.AppStore|Any CPU.Deploy.0 = Release|x86
		{6CC97888-5A0A-42FC-9FD0-43395AB2B4FF}.AppStore|ARM.ActiveCfg = Release|ARM
		{6CC97888-5A0A-42FC-9FD0-43395AB2B4FF}.AppStore|ARM.Build.0 = Release|ARM
		{6CC97888-5A0A-42FC-9FD0-43395AB2B4FF}.AppStore|ARM.Deploy.0 = Release|ARM
		{6CC97888-5A0A-42FC-9FD0-43395AB2B4FF}.AppStore|iPhone.ActiveCfg = Release|x86
		{6CC97888-5A0A-42FC-9FD0-43395AB2B4FF}.AppStore|iPhone.Build.0 = Release|x86
		{6CC97888-5A0A-42FC-9FD0-43395AB2B4FF}.AppStore|iPhone.Deploy.0 = Release|x86
		{6CC97888-5A0A-42FC-9FD0-43395AB2B4FF}.AppStore|iPhoneSimulator.ActiveCfg = Release|x86
		{6CC97888-5A0A-42FC-9FD0-43395AB2B4FF}.AppStore|iPhoneSimulator.Build.0 = Release|x86
		{6CC97888-5A0A-42FC-9FD0-43395AB2B4FF}.AppStore|iPhoneSimulator.Deploy.0 = Release|x86
		{6CC97888-5A0A-42FC-9FD0-43395AB2B4FF}.AppStore|x64.ActiveCfg = Release|x64
		{6CC97888-5A0A-42FC-9FD0-43395AB2B4FF}.AppStore|x64.Build.0 = Release|x64
		{6CC97888-5A0A-42FC-9FD0-43395AB2B4FF}.AppStore|x64.Deploy.0 = Release|x64
		{6CC97888-5A0A-42FC-9FD0-43395AB2B4FF}.AppStore|x86.ActiveCfg = Release|x86
		{6CC97888-5A0A-42FC-9FD0-43395AB2B4FF}.AppStore|x86.Build.0 = Release|x86
		{6CC97888-5A0A-42FC-9FD0-43395AB2B4FF}.AppStore|x86.Deploy.0 = Release|x86
		{6CC97888-5A0A-42FC-9FD0-43395AB2B4FF}.Debug|Any CPU.ActiveCfg = Debug|x86
		{6CC97888-5A0A-42FC-9FD0-43395AB2B4FF}.Debug|ARM.ActiveCfg = Debug|ARM
		{6CC97888-5A0A-42FC-9FD0-43395AB2B4FF}.Debug|ARM.Build.0 = Debug|ARM
		{6CC97888-5A0A-42FC-9FD0-43395AB2B4FF}.Debug|ARM.Deploy.0 = Debug|ARM
		{6CC97888-5A0A-42FC-9FD0-43395AB2B4FF}.Debug|iPhone.ActiveCfg = Debug|x86
		{6CC97888-5A0A-42FC-9FD0-43395AB2B4FF}.Debug|iPhoneSimulator.ActiveCfg = Debug|x86
		{6CC97888-5A0A-42FC-9FD0-43395AB2B4FF}.Debug|x64.ActiveCfg = Debug|x64
		{6CC97888-5A0A-42FC-9FD0-43395AB2B4FF}.Debug|x64.Build.0 = Debug|x64
		{6CC97888-5A0A-42FC-9FD0-43395AB2B4FF}.Debug|x64.Deploy.0 = Debug|x64
		{6CC97888-5A0A-42FC-9FD0-43395AB2B4FF}.Debug|x86.ActiveCfg = Debug|x86
		{6CC97888-5A0A-42FC-9FD0-43395AB2B4FF}.Debug|x86.Build.0 = Debug|x86
		{6CC97888-5A0A-42FC-9FD0-43395AB2B4FF}.Debug|x86.Deploy.0 = Debug|x86
		{6CC97888-5A0A-42FC-9FD0-43395AB2B4FF}.Release|Any CPU.ActiveCfg = Release|x86
		{6CC97888-5A0A-42FC-9FD0-43395AB2B4FF}.Release|ARM.ActiveCfg = Release|ARM
		{6CC97888-5A0A-42FC-9FD0-43395AB2B4FF}.Release|ARM.Build.0 = Release|ARM
		{6CC97888-5A0A-42FC-9FD0-43395AB2B4FF}.Release|ARM.Deploy.0 = Release|ARM
		{6CC97888-5A0A-42FC-9FD0-43395AB2B4FF}.Release|iPhone.ActiveCfg = Release|x86
		{6CC97888-5A0A-42FC-9FD0-43395AB2B4FF}.Release|iPhoneSimulator.ActiveCfg = Release|x86
		{6CC97888-5A0A-42FC-9FD0-43395AB2B4FF}.Release|x64.ActiveCfg = Release|x64
		{6CC97888-5A0A-42FC-9FD0-43395AB2B4FF}.Release|x64.Build.0 = Release|x64
		{6CC97888-5A0A-42FC-9FD0-43395AB2B4FF}.Release|x64.Deploy.0 = Release|x64
		{6CC97888-5A0A-42FC-9FD0-43395AB2B4FF}.Release|x86.ActiveCfg = Release|x86
		{6CC97888-5A0A-42FC-9FD0-43395AB2B4FF}.Release|x86.Build.0 = Release|x86
		{6CC97888-5A0A-42FC-9FD0-43395AB2B4FF}.Release|x86.Deploy.0 = Release|x86
		{683F4E53-2704-4321-A8B1-F05F3050C1A7}.Ad-Hoc|Any CPU.ActiveCfg = Debug|Any CPU
		{683F4E53-2704-4321-A8B1-F05F3050C1A7}.Ad-Hoc|Any CPU.Build.0 = Debug|Any CPU
		{683F4E53-2704-4321-A8B1-F05F3050C1A7}.Ad-Hoc|ARM.ActiveCfg = Debug|Any CPU
		{683F4E53-2704-4321-A8B1-F05F3050C1A7}.Ad-Hoc|ARM.Build.0 = Debug|Any CPU
		{683F4E53-2704-4321-A8B1-F05F3050C1A7}.Ad-Hoc|iPhone.ActiveCfg = Debug|Any CPU
		{683F4E53-2704-4321-A8B1-F05F3050C1A7}.Ad-Hoc|iPhone.Build.0 = Debug|Any CPU
		{683F4E53-2704-4321-A8B1-F05F3050C1A7}.Ad-Hoc|iPhoneSimulator.ActiveCfg = Debug|Any CPU
		{683F4E53-2704-4321-A8B1-F05F3050C1A7}.Ad-Hoc|iPhoneSimulator.Build.0 = Debug|Any CPU
		{683F4E53-2704-4321-A8B1-F05F3050C1A7}.Ad-Hoc|x64.ActiveCfg = Debug|Any CPU
		{683F4E53-2704-4321-A8B1-F05F3050C1A7}.Ad-Hoc|x64.Build.0 = Debug|Any CPU
		{683F4E53-2704-4321-A8B1-F05F3050C1A7}.Ad-Hoc|x86.ActiveCfg = Debug|Any CPU
		{683F4E53-2704-4321-A8B1-F05F3050C1A7}.Ad-Hoc|x86.Build.0 = Debug|Any CPU
		{683F4E53-2704-4321-A8B1-F05F3050C1A7}.AppStore|Any CPU.ActiveCfg = Debug|Any CPU
		{683F4E53-2704-4321-A8B1-F05F3050C1A7}.AppStore|Any CPU.Build.0 = Debug|Any CPU
		{683F4E53-2704-4321-A8B1-F05F3050C1A7}.AppStore|ARM.ActiveCfg = Debug|Any CPU
		{683F4E53-2704-4321-A8B1-F05F3050C1A7}.AppStore|ARM.Build.0 = Debug|Any CPU
		{683F4E53-2704-4321-A8B1-F05F3050C1A7}.AppStore|iPhone.ActiveCfg = Debug|Any CPU
		{683F4E53-2704-4321-A8B1-F05F3050C1A7}.AppStore|iPhone.Build.0 = Debug|Any CPU
		{683F4E53-2704-4321-A8B1-F05F3050C1A7}.AppStore|iPhoneSimulator.ActiveCfg = Debug|Any CPU
		{683F4E53-2704-4321-A8B1-F05F3050C1A7}.AppStore|iPhoneSimulator.Build.0 = Debug|Any CPU
		{683F4E53-2704-4321-A8B1-F05F3050C1A7}.AppStore|x64.ActiveCfg = Debug|Any CPU
		{683F4E53-2704-4321-A8B1-F05F3050C1A7}.AppStore|x64.Build.0 = Debug|Any CPU
		{683F4E53-2704-4321-A8B1-F05F3050C1A7}.AppStore|x86.ActiveCfg = Debug|Any CPU
		{683F4E53-2704-4321-A8B1-F05F3050C1A7}.AppStore|x86.Build.0 = Debug|Any CPU
		{683F4E53-2704-4321-A8B1-F05F3050C1A7}.Debug|Any CPU.ActiveCfg = Debug|Any CPU
		{683F4E53-2704-4321-A8B1-F05F3050C1A7}.Debug|Any CPU.Build.0 = Debug|Any CPU
		{683F4E53-2704-4321-A8B1-F05F3050C1A7}.Debug|ARM.ActiveCfg = Debug|Any CPU
		{683F4E53-2704-4321-A8B1-F05F3050C1A7}.Debug|ARM.Build.0 = Debug|Any CPU
		{683F4E53-2704-4321-A8B1-F05F3050C1A7}.Debug|iPhone.ActiveCfg = Debug|Any CPU
		{683F4E53-2704-4321-A8B1-F05F3050C1A7}.Debug|iPhone.Build.0 = Debug|Any CPU
		{683F4E53-2704-4321-A8B1-F05F3050C1A7}.Debug|iPhoneSimulator.ActiveCfg = Debug|Any CPU
		{683F4E53-2704-4321-A8B1-F05F3050C1A7}.Debug|iPhoneSimulator.Build.0 = Debug|Any CPU
		{683F4E53-2704-4321-A8B1-F05F3050C1A7}.Debug|x64.ActiveCfg = Debug|Any CPU
		{683F4E53-2704-4321-A8B1-F05F3050C1A7}.Debug|x64.Build.0 = Debug|Any CPU
		{683F4E53-2704-4321-A8B1-F05F3050C1A7}.Debug|x86.ActiveCfg = Debug|Any CPU
		{683F4E53-2704-4321-A8B1-F05F3050C1A7}.Debug|x86.Build.0 = Debug|Any CPU
		{683F4E53-2704-4321-A8B1-F05F3050C1A7}.Release|Any CPU.ActiveCfg = Release|Any CPU
		{683F4E53-2704-4321-A8B1-F05F3050C1A7}.Release|Any CPU.Build.0 = Release|Any CPU
		{683F4E53-2704-4321-A8B1-F05F3050C1A7}.Release|ARM.ActiveCfg = Release|Any CPU
		{683F4E53-2704-4321-A8B1-F05F3050C1A7}.Release|ARM.Build.0 = Release|Any CPU
		{683F4E53-2704-4321-A8B1-F05F3050C1A7}.Release|iPhone.ActiveCfg = Release|Any CPU
		{683F4E53-2704-4321-A8B1-F05F3050C1A7}.Release|iPhone.Build.0 = Release|Any CPU
		{683F4E53-2704-4321-A8B1-F05F3050C1A7}.Release|iPhoneSimulator.ActiveCfg = Release|Any CPU
		{683F4E53-2704-4321-A8B1-F05F3050C1A7}.Release|iPhoneSimulator.Build.0 = Release|Any CPU
		{683F4E53-2704-4321-A8B1-F05F3050C1A7}.Release|x64.ActiveCfg = Release|Any CPU
		{683F4E53-2704-4321-A8B1-F05F3050C1A7}.Release|x64.Build.0 = Release|Any CPU
		{683F4E53-2704-4321-A8B1-F05F3050C1A7}.Release|x86.ActiveCfg = Release|Any CPU
		{683F4E53-2704-4321-A8B1-F05F3050C1A7}.Release|x86.Build.0 = Release|Any CPU
	EndGlobalSection
	GlobalSection(SolutionProperties) = preSolution
		HideSolutionNode = FALSE
	EndGlobalSection
	GlobalSection(ExtensibilityGlobals) = postSolution
		SolutionGuid = {6277DD20-F64F-4548-B4AE-081D3DF5CE00}
	EndGlobalSection
EndGlobal
